# This file is automatically @generated by Cargo.
# It is not intended for manual editing.
version = 4

[[package]]
name = "aionforge"
version = "0.1.0"
dependencies = [
 "aionforge-domain",
 "aionforge-engine",
]

[[package]]
name = "aionforge-capture"
version = "0.1.0"
dependencies = [
 "aionforge-domain",
 "aionforge-embed",
 "aionforge-security",
 "aionforge-store",
]

[[package]]
name = "aionforge-cli"
version = "0.1.0"
dependencies = [
 "aionforge",
 "aionforge-mcp",
 "aionforge-tui",
]

[[package]]
name = "aionforge-consolidate"
version = "0.1.0"
dependencies = [
 "aionforge-domain",
 "aionforge-embed",
 "aionforge-security",
 "aionforge-store",
]

[[package]]
name = "aionforge-domain"
version = "0.1.0"

[[package]]
name = "aionforge-embed"
version = "0.1.0"
dependencies = [
 "aionforge-domain",
 "aionforge-store",
]

[[package]]
name = "aionforge-engine"
version = "0.1.0"
dependencies = [
 "aionforge-capture",
 "aionforge-consolidate",
 "aionforge-domain",
 "aionforge-embed",
 "aionforge-forget",
 "aionforge-procedural",
 "aionforge-retrieval",
 "aionforge-security",
 "aionforge-store",
 "aionforge-trust",
]

[[package]]
name = "aionforge-forget"
version = "0.1.0"
dependencies = [
 "aionforge-domain",
 "aionforge-embed",
 "aionforge-store",
]

[[package]]
name = "aionforge-mcp"
version = "0.1.0"
dependencies = [
 "aionforge-domain",
 "aionforge-engine",
]

[[package]]
name = "aionforge-procedural"
version = "0.1.0"
dependencies = [
 "aionforge-domain",
 "aionforge-embed",
 "aionforge-store",
]

[[package]]
name = "aionforge-retrieval"
version = "0.1.0"
dependencies = [
 "aionforge-domain",
 "aionforge-embed",
 "aionforge-store",
]

[[package]]
name = "aionforge-security"
version = "0.1.0"
dependencies = [
 "aionforge-domain",
 "aionforge-store",
]

[[package]]
name = "aionforge-store"
version = "0.1.0"
dependencies = [
 "aionforge-domain",
]

[[package]]
name = "aionforge-trust"
version = "0.1.0"
dependencies = [
 "aionforge-domain",
 "aionforge-store",
]

[[package]]
name = "aionforge-tui"
version = "0.1.0"
dependencies = [
 "aionforge-domain",
 "aionforge-engine",
]
